
Microsoft Visual Studio Solution File, Format Version 12.00
# Visual Studio Version 16
VisualStudioVersion = 16.0.29102.190
MinimumVisualStudioVersion = 10.0.40219.1
Project("{FAE04EC0-301F-11D3-BF4B-00C04F79EFBC}") = "GitTest03", "GitTest03.csproj", "{105B1113-79B4-470B-915D-401A66CC8AE3}"
EndProject
Global
	GlobalSection(SolutionConfigurationPlatforms) = preSolution
		Debug|Any CPU = Debug|Any CPU
		Release|Any CPU = Release|Any CPU
	EndGlobalSection
	GlobalSection(ProjectConfigurationPlatforms) = postSolution
		{105B1113-79B4-470B-915D-401A66CC8AE3}.Debug|Any CPU.ActiveCfg = Debug|Any CPU
		{105B1113-79B4-470B-915D-401A66CC8AE3}.Debug|Any CPU.Build.0 = Debug|Any CPU
		{105B1113-79B4-470B-915D-401A66CC8AE3}.Release|Any CPU.ActiveCfg = Release|Any CPU
		{105B1113-79B4-470B-915D-401A66CC8AE3}.Release|Any CPU.Build.0 = Release|Any CPU
	EndGlobalSection
	GlobalSection(SolutionProperties) = preSolution
		HideSolutionNode = FALSE
	EndGlobalSection
	GlobalSection(ExtensibilityGlobals) = postSolution
		SolutionGuid = {8CFE59E0-7C70-4812-B67A-F962EB45471E}
	EndGlobalSection
EndGlobal
